// !$*UTF8*$!
{
	archiveVersion = 1;
	classes = {
	};
	objectVersion = 48;
	objects = {

/* Begin PBXBuildFile section */
		1A51AFCA205622EA006A0B0C /* AppDelegate.swift in Sources */ = {isa = PBXBuildFile; fileRef = 1A51AFC9205622EA006A0B0C /* AppDelegate.swift */; };
		1A51AFCC205622EA006A0B0C /* ViewController.swift in Sources */ = {isa = PBXBuildFile; fileRef = 1A51AFCB205622EA006A0B0C /* ViewController.swift */; };
		1A51AFCF205622EA006A0B0C /* Main.storyboard in Resources */ = {isa = PBXBuildFile; fileRef = 1A51AFCD205622EA006A0B0C /* Main.storyboard */; };
		1A51AFD1205622EA006A0B0C /* Assets.xcassets in Resources */ = {isa = PBXBuildFile; fileRef = 1A51AFD0205622EA006A0B0C /* Assets.xcassets */; };
		1A51AFD4205622EA006A0B0C /* LaunchScreen.storyboard in Resources */ = {isa = PBXBuildFile; fileRef = 1A51AFD2205622EA006A0B0C /* LaunchScreen.storyboard */; };
		1A51AFE0205628DE006A0B0C /* UIImageView+EFLanguager.swift in Sources */ = {isa = PBXBuildFile; fileRef = 1A51AFDC205628DE006A0B0C /* UIImageView+EFLanguager.swift */; };
		1A51AFE1205628DE006A0B0C /* NSBundle+EFLanauage.swift in Sources */ = {isa = PBXBuildFile; fileRef = 1A51AFDD205628DE006A0B0C /* NSBundle+EFLanauage.swift */; };
		1A51AFE2205628DE006A0B0C /* EFLanguager.swift in Sources */ = {isa = PBXBuildFile; fileRef = 1A51AFDE205628DE006A0B0C /* EFLanguager.swift */; };
		1A51AFE3205628DE006A0B0C /* UITextView+EFLanguageer.swift in Sources */ = {isa = PBXBuildFile; fileRef = 1A51AFDF205628DE006A0B0C /* UITextView+EFLanguageer.swift */; };
/* End PBXBuildFile section */

/* Begin PBXFileReference section */
		1A51AFC6205622EA006A0B0C /* EFLanguage.app */ = {isa = PBXFileReference; explicitFileType = wrapper.application; includeInIndex = 0; path = EFLanguage.app; sourceTree = BUILT_PRODUCTS_DIR; };
		1A51AFC9205622EA006A0B0C /* AppDelegate.swift */ = {isa = PBXFileReference; lastKnownFileType = sourcecode.swift; path = AppDelegate.swift; sourceTree = "<group>"; };
		1A51AFCB205622EA006A0B0C /* ViewController.swift */ = {isa = PBXFileReference; lastKnownFileType = sourcecode.swift; path = ViewController.swift; sourceTree = "<group>"; };
		1A51AFCE205622EA006A0B0C /* Base */ = {isa = PBXFileReference; lastKnownFileType = file.storyboard; name = Base; path = Base.lproj/Main.storyboard; sourceTree = "<group>"; };
		1A51AFD0205622EA006A0B0C /* Assets.xcassets */ = {isa = PBXFileReference; lastKnownFileType = folder.assetcatalog; path = Assets.xcassets; sourceTree = "<group>"; };
		1A51AFD3205622EA006A0B0C /* Base */ = {isa = PBXFileReference; lastKnownFileType = file.storyboard; name = Base; path = Base.lproj/LaunchScreen.storyboard; sourceTree = "<group>"; };
		1A51AFD5205622EA006A0B0C /* Info.plist */ = {isa = PBXFileReference; lastKnownFileType = text.plist.xml; path = Info.plist; sourceTree = "<group>"; };
		1A51AFDC205628DE006A0B0C /* UIImageView+EFLanguager.swift */ = {isa = PBXFileReference; fileEncoding = 4; lastKnownFileType = sourcecode.swift; path = "UIImageView+EFLanguager.swift"; sourceTree = "<group>"; };
		1A51AFDD205628DE006A0B0C /* NSBundle+EFLanauage.swift */ = {isa = PBXFileReference; fileEncoding = 4; lastKnownFileType = sourcecode.swift; path = "NSBundle+EFLanauage.swift"; sourceTree = "<group>"; };
		1A51AFDE205628DE006A0B0C /* EFLanguager.swift */ = {isa = PBXFileReference; fileEncoding = 4; lastKnownFileType = sourcecode.swift; path = EFLanguager.swift; sourceTree = "<group>"; };
		1A51AFDF205628DE006A0B0C /* UITextView+EFLanguageer.swift */ = {isa = PBXFileReference; fileEncoding = 4; lastKnownFileType = sourcecode.swift; path = "UITextView+EFLanguageer.swift"; sourceTree = "<group>"; };
/* End PBXFileReference section */

/* Begin PBXFrameworksBuildPhase section */
		1A51AFC3205622EA006A0B0C /* Frameworks */ = {
			isa = PBXFrameworksBuildPhase;
			buildActionMask = 2147483647;
			files = (
			);
			runOnlyForDeploymentPostprocessing = 0;
		};
/* End PBXFrameworksBuildPhase section */

/* Begin PBXGroup section */
		1A51AFBD205622EA006A0B0C = {
			isa = PBXGroup;
			children = (
				1A51AFDB205628DE006A0B0C /* Bundle */,
				1A51AFC8205622EA006A0B0C /* EFLanguage */,
				1A51AFC7205622EA006A0B0C /* Products */,
			);
			sourceTree = "<group>";
		};
		1A51AFC7205622EA006A0B0C /* Products */ = {
			isa = PBXGroup;
			children = (
				1A51AFC6205622EA006A0B0C /* EFLanguage.app */,
			);
			name = Products;
			sourceTree = "<group>";
		};
		1A51AFC8205622EA006A0B0C /* EFLanguage */ = {
			isa = PBXGroup;
			children = (
				1A51AFC9205622EA006A0B0C /* AppDelegate.swift */,
				1A51AFCB205622EA006A0B0C /* ViewController.swift */,
				1A51AFCD205622EA006A0B0C /* Main.storyboard */,
				1A51AFD0205622EA006A0B0C /* Assets.xcassets */,
				1A51AFD2205622EA006A0B0C /* LaunchScreen.storyboard */,
				1A51AFD5205622EA006A0B0C /* Info.plist */,
			);
			path = EFLanguage;
			sourceTree = "<group>";
		};
		1A51AFDB205628DE006A0B0C /* Bundle */ = {
			isa = PBXGroup;
			children = (
				1A51AFDC205628DE006A0B0C /* UIImageView+EFLanguager.swift */,
				1A51AFDD205628DE006A0B0C /* NSBundle+EFLanauage.swift */,
				1A51AFDE205628DE006A0B0C /* EFLanguager.swift */,
				1A51AFDF205628DE006A0B0C /* UITextView+EFLanguageer.swift */,
			);
			name = Bundle;
			path = EFLanguage/Bundle;
			sourceTree = "<group>";
		};
/* End PBXGroup section */

/* Begin PBXNativeTarget section */
		1A51AFC5205622EA006A0B0C /* EFLanguage */ = {
			isa = PBXNativeTarget;
			buildConfigurationList = 1A51AFD8205622EA006A0B0C /* Build configuration list for PBXNativeTarget "EFLanguage" */;
			buildPhases = (
				1A51AFC2205622EA006A0B0C /* Sources */,
				1A51AFC3205622EA006A0B0C /* Frameworks */,
				1A51AFC4205622EA006A0B0C /* Resources */,
			);
			buildRules = (
			);
			dependencies = (
			);
			name = EFLanguage;
			productName = EFLanguage;
			productReference = 1A51AFC6205622EA006A0B0C /* EFLanguage.app */;
			productType = "com.apple.product-type.application";
		};
/* End PBXNativeTarget section */

/* Begin PBXProject section */
		1A51AFBE205622EA006A0B0C /* Project object */ = {
			isa = PBXProject;
			attributes = {
				LastSwiftUpdateCheck = 0920;
				LastUpgradeCheck = 0920;
				ORGANIZATIONNAME = "Hunan EEfung Software Co., Ltd";
				TargetAttributes = {
					1A51AFC5205622EA006A0B0C = {
						CreatedOnToolsVersion = 9.2;
						ProvisioningStyle = Automatic;
					};
				};
			};
			buildConfigurationList = 1A51AFC1205622EA006A0B0C /* Build configuration list for PBXProject "EFLanguage" */;
			compatibilityVersion = "Xcode 8.0";
			developmentRegion = en;
			hasScannedForEncodings = 0;
			knownRegions = (
				en,
				Base,
			);
			mainGroup = 1A51AFBD205622EA006A0B0C;
			productRefGroup = 1A51AFC7205622EA006A0B0C /* Products */;
			projectDirPath = "";
			projectRoot = "";
			targets = (
				1A51AFC5205622EA006A0B0C /* EFLanguage */,
			);
		};
/* End PBXProject section */

/* Begin PBXResourcesBuildPhase section */
		1A51AFC4205622EA006A0B0C /* Resources */ = {
			isa = PBXResourcesBuildPhase;
			buildActionMask = 2147483647;
			files = (
				1A51AFD4205622EA006A0B0C /* LaunchScreen.storyboard in Resources */,
				1A51AFD1205622EA006A0B0C /* Assets.xcassets in Resources */,
				1A51AFCF205622EA006A0B0C /* Main.storyboard in Resources */,
			);
			runOnlyForDeploymentPostprocessing = 0;
		};
/* End PBXResourcesBuildPhase section */

/* Begin PBXSourcesBuildPhase section */
		1A51AFC2205622EA006A0B0C /* Sources */ = {
			isa = PBXSourcesBuildPhase;
			buildActionMask = 2147483647;
			files = (
				1A51AFCC205622EA006A0B0C /* ViewController.swift in Sources */,
				1A51AFCA205622EA006A0B0C /* AppDelegate.swift in Sources */,
				1A51AFE1205628DE006A0B0C /* NSBundle+EFLanauage.swift in Sources */,
				1A51AFE0205628DE006A0B0C /* UIImageView+EFLanguager.swift in Sources */,
				1A51AFE3205628DE006A0B0C /* UITextView+EFLanguageer.swift in Sources */,
				1A51AFE2205628DE006A0B0C /* EFLanguager.swift in Sources */,
			);
			runOnlyForDeploymentPostprocessing = 0;
		};
/* End PBXSourcesBuildPhase section */

/* Begin PBXVariantGroup section */
		1A51AFCD205622EA006A0B0C /* Main.storyboard */ = {
			isa = PBXVariantGroup;
			children = (
				1A51AFCE205622EA006A0B0C /* Base */,
			);
			name = Main.storyboard;
			sourceTree = "<group>";
		};
		1A51AFD2205622EA006A0B0C /* LaunchScreen.storyboard */ = {
			isa = PBXVariantGroup;
			children = (
				1A51AFD3205622EA006A0B0C /* Base */,
			);
			name = LaunchScreen.storyboard;
			sourceTree = "<group>";
		};
/* End PBXVariantGroup section */

/* Begin XCBuildConfiguration section */
		1A51AFD6205622EA006A0B0C /* Debug */ = {
			isa = XCBuildConfiguration;
			buildSettings = {
				ALWAYS_SEARCH_USER_PATHS = NO;
				CLANG_ANALYZER_NONNULL = YES;
				CLANG_ANALYZER_NUMBER_OBJECT_CONVERSION = YES_AGGRESSIVE;
				CLANG_CXX_LANGUAGE_STANDARD = "gnu++14";
				CLANG_CXX_LIBRARY = "libc++";
				CLANG_ENABLE_MODULES = YES;
				CLANG_ENABLE_OBJC_ARC = YES;
				CLANG_WARN_BLOCK_CAPTURE_AUTORELEASING = YES;
				CLANG_WARN_BOOL_CONVERSION = YES;
				CLANG_WARN_COMMA = YES;
				CLANG_WARN_CONSTANT_CONVERSION = YES;
				CLANG_WARN_DIRECT_OBJC_ISA_USAGE = YES_ERROR;
				CLANG_WARN_DOCUMENTATION_COMMENTS = YES;
				CLANG_WARN_EMPTY_BODY = YES;
				CLANG_WARN_ENUM_CONVERSION = YES;
				CLANG_WARN_INFINITE_RECURSION = YES;
				CLANG_WARN_INT_CONVERSION = YES;
				CLANG_WARN_NON_LITERAL_NULL_CONVERSION = YES;
				CLANG_WARN_OBJC_LITERAL_CONVERSION = YES;
				CLANG_WARN_OBJC_ROOT_CLASS = YES_ERROR;
				CLANG_WARN_RANGE_LOOP_ANALYSIS = YES;
				CLANG_WARN_STRICT_PROTOTYPES = YES;
				CLANG_WARN_SUSPICIOUS_MOVE = YES;
				CLANG_WARN_UNGUARDED_AVAILABILITY = YES_AGGRESSIVE;
				CLANG_WARN_UNREACHABLE_CODE = YES;
				CLANG_WARN__DUPLICATE_METHOD_MATCH = YES;
				CODE_SIGN_IDENTITY = "iPhone Developer";
				COPY_PHASE_STRIP = NO;
				DEBUG_INFORMATION_FORMAT = dwarf;
				ENABLE_STRICT_OBJC_MSGSEND = YES;
				ENABLE_TESTABILITY = YES;
				GCC_C_LANGUAGE_STANDARD = gnu11;
				GCC_DYNAMIC_NO_PIC = NO;
				GCC_NO_COMMON_BLOCKS = YES;
				GCC_OPTIMIZATION_LEVEL = 0;
				GCC_PREPROCESSOR_DEFINITIONS = (
					"DEBUG=1",
					"$(inherited)",
				);
				GCC_WARN_64_TO_32_BIT_CONVERSION = YES;
				GCC_WARN_ABOUT_RETURN_TYPE = YES_ERROR;
				GCC_WARN_UNDECLARED_SELECTOR = YES;
				GCC_WARN_UNINITIALIZED_AUTOS = YES_AGGRESSIVE;
				GCC_WARN_UNUSED_FUNCTION = YES;
				GCC_WARN_UNUSED_VARIABLE = YES;
				IPHONEOS_DEPLOYMENT_TARGET = 11.2;
				MTL_ENABLE_DEBUG_INFO = YES;
				ONLY_ACTIVE_ARCH = YES;
				SDKROOT = iphoneos;
				SWIFT_ACTIVE_COMPILATION_CONDITIONS = DEBUG;
				SWIFT_OPTIMIZATION_LEVEL = "-Onone";
			};
			name = Debug;
		};
		1A51AFD7205622EA006A0B0C /* Release */ = {
			isa = XCBuildConfiguration;
			buildSettings = {
				ALWAYS_SEARCH_USER_PATHS = NO;
				CLANG_ANALYZER_NONNULL = YES;
				CLANG_ANALYZER_NUMBER_OBJECT_CONVERSION = YES_AGGRESSIVE;
				CLANG_CXX_LANGUAGE_STANDARD = "gnu++14";
				CLANG_CXX_LIBRARY = "libc++";
				CLANG_ENABLE_MODULES = YES;
				CLANG_ENABLE_OBJC_ARC = YES;
				CLANG_WARN_BLOCK_CAPTURE_AUTORELEASING = YES;
				CLANG_WARN_BOOL_CONVERSION = YES;
				CLANG_WARN_COMMA = YES;
				CLANG_WARN_CONSTANT_CONVERSION = YES;
				CLANG_WARN_DIRECT_OBJC_ISA_USAGE = YES_ERROR;
				CLANG_WARN_DOCUMENTATION_COMMENTS = YES;
				CLANG_WARN_EMPTY_BODY = YES;
				CLANG_WARN_ENUM_CONVERSION = YES;
				CLANG_WARN_INFINITE_RECURSION = YES;
				CLANG_WARN_INT_CONVERSION = YES;
				CLANG_WARN_NON_LITERAL_NULL_CONVERSION = YES;
				CLANG_WARN_OBJC_LITERAL_CONVERSION = YES;
				CLANG_WARN_OBJC_ROOT_CLASS = YES_ERROR;
				CLANG_WARN_RANGE_LOOP_ANALYSIS = YES;
				CLANG_WARN_STRICT_PROTOTYPES = YES;
				CLANG_WARN_SUSPICIOUS_MOVE = YES;
				CLANG_WARN_UNGUARDED_AVAILABILITY = YES_AGGRESSIVE;
				CLANG_WARN_UNREACHABLE_CODE = YES;
				CLANG_WARN__DUPLICATE_METHOD_MATCH = YES;
				CODE_SIGN_IDENTITY = "iPhone Developer";
				COPY_PHASE_STRIP = NO;
				DEBUG_INFORMATION_FORMAT = "dwarf-with-dsym";
				ENABLE_NS_ASSERTIONS = NO;
				ENABLE_STRICT_OBJC_MSGSEND = YES;
				GCC_C_LANGUAGE_STANDARD = gnu11;
				GCC_NO_COMMON_BLOCKS = YES;
				GCC_WARN_64_TO_32_BIT_CONVERSION = YES;
				GCC_WARN_ABOUT_RETURN_TYPE = YES_ERROR;
				GCC_WARN_UNDECLARED_SELECTOR = YES;
				GCC_WARN_UNINITIALIZED_AUTOS = YES_AGGRESSIVE;
				GCC_WARN_UNUSED_FUNCTION = YES;
				GCC_WARN_UNUSED_VARIABLE = YES;
				IPHONEOS_DEPLOYMENT_TARGET = 11.2;
				MTL_ENABLE_DEBUG_INFO = NO;
				SDKROOT = iphoneos;
				SWIFT_OPTIMIZATION_LEVEL = "-Owholemodule";
				VALIDATE_PRODUCT = YES;
			};
			name = Release;
		};
		1A51AFD9205622EA006A0B0C /* Debug */ = {
			isa = XCBuildConfiguration;
			buildSettings = {
				ASSETCATALOG_COMPILER_APPICON_NAME = AppIcon;
				CODE_SIGN_STYLE = Automatic;
				DEVELOPMENT_TEAM = VVM8H85C4Q;
				INFOPLIST_FILE = EFLanguage/Info.plist;
				LD_RUNPATH_SEARCH_PATHS = "$(inherited) @executable_path/Frameworks";
				PRODUCT_BUNDLE_IDENTIFIER = com.eefung.EFLanguage;
				PRODUCT_NAME = "$(TARGET_NAME)";
				SWIFT_VERSION = 4.0;
				TARGETED_DEVICE_FAMILY = "1,2";
			};
			name = Debug;
		};
		1A51AFDA205622EA006A0B0C /* Release */ = {
			isa = XCBuildConfiguration;
			buildSettings = {
				ASSETCATALOG_COMPILER_APPICON_NAME = AppIcon;
				CODE_SIGN_STYLE = Automatic;
				DEVELOPMENT_TEAM = VVM8H85C4Q;
				INFOPLIST_FILE = EFLanguage/Info.plist;
				LD_RUNPATH_SEARCH_PATHS = "$(inherited) @executable_path/Frameworks";
				PRODUCT_BUNDLE_IDENTIFIER = com.eefung.EFLanguage;
				PRODUCT_NAME = "$(TARGET_NAME)";
				SWIFT_VERSION = 4.0;
				TARGETED_DEVICE_FAMILY = "1,2";
			};
			name = Release;
		};
/* End XCBuildConfiguration section */

/* Begin XCConfigurationList section */
		1A51AFC1205622EA006A0B0C /* Build configuration list for PBXProject "EFLanguage" */ = {
			isa = XCConfigurationList;
			buildConfigurations = (
				1A51AFD6205622EA006A0B0C /* Debug */,
				1A51AFD7205622EA006A0B0C /* Release */,
			);
			defaultConfigurationIsVisible = 0;
			defaultConfigurationName = Release;
		};
		1A51AFD8205622EA006A0B0C /* Build configuration list for PBXNativeTarget "EFLanguage" */ = {
			isa = XCConfigurationList;
			buildConfigurations = (
				1A51AFD9205622EA006A0B0C /* Debug */,
				1A51AFDA205622EA006A0B0C /* Release */,
			);
			defaultConfigurationIsVisible = 0;
			defaultConfigurationName = Release;
		};
/* End XCConfigurationList section */
	};
	rootObject = 1A51AFBE205622EA006A0B0C /* Project object */;
}
